
Microsoft Visual Studio Solution File, Format Version 12.00
# Visual Studio Version 17
VisualStudioVersion = 17.5.33627.172
MinimumVisualStudioVersion = 10.0.40219.1
Project("{9A19103F-16F7-4668-BE54-9A1E7A4F7556}") = "ImListening", "ImListening\ImListening.csproj", "{75AA38F0-929F-47AF-904E-6B8D84D2FC80}"
EndProject
Project("{9A19103F-16F7-4668-BE54-9A1E7A4F7556}") = "Common.ImListening", "Common.ImListening\Common.ImListening.csproj", "{28E7FE84-0CF4-4D52-A8AF-7774AD9A17EC}"
EndProject
Project("{9A19103F-16F7-4668-BE54-9A1E7A4F7556}") = "Core.ImListening", "Core.ImListening\Core.ImListening.csproj", "{6C93F1C9-9112-47DB-8607-140300B3BE8D}"
EndProject
Project("{E53339B2-1760-4266-BCC7-CA923CBCF16C}") = "docker-compose", "docker-compose.dcproj", "{BC245860-78B1-4CAB-8B13-ABD3C9DCAB9F}"
EndProject
Project("{FAE04EC0-301F-11D3-BF4B-00C04F79EFBC}") = "ImListeningTest", "ImListeningTest\ImListeningTest.csproj", "{F99E1B93-3781-4134-BABD-5E3E4662295B}"
EndProject
Global
	GlobalSection(SolutionConfigurationPlatforms) = preSolution
		Debug|Any CPU = Debug|Any CPU
		Release|Any CPU = Release|Any CPU
	EndGlobalSection
	GlobalSection(ProjectConfigurationPlatforms) = postSolution
		{75AA38F0-929F-47AF-904E-6B8D84D2FC80}.Debug|Any CPU.ActiveCfg = Debug|Any CPU
		{75AA38F0-929F-47AF-904E-6B8D84D2FC80}.Debug|Any CPU.Build.0 = Debug|Any CPU
		{75AA38F0-929F-47AF-904E-6B8D84D2FC80}.Release|Any CPU.ActiveCfg = Release|Any CPU
		{75AA38F0-929F-47AF-904E-6B8D84D2FC80}.Release|Any CPU.Build.0 = Release|Any CPU
		{28E7FE84-0CF4-4D52-A8AF-7774AD9A17EC}.Debug|Any CPU.ActiveCfg = Debug|Any CPU
		{28E7FE84-0CF4-4D52-A8AF-7774AD9A17EC}.Debug|Any CPU.Build.0 = Debug|Any CPU
		{28E7FE84-0CF4-4D52-A8AF-7774AD9A17EC}.Release|Any CPU.ActiveCfg = Release|Any CPU
		{28E7FE84-0CF4-4D52-A8AF-7774AD9A17EC}.Release|Any CPU.Build.0 = Release|Any CPU
		{6C93F1C9-9112-47DB-8607-140300B3BE8D}.Debug|Any CPU.ActiveCfg = Debug|Any CPU
		{6C93F1C9-9112-47DB-8607-140300B3BE8D}.Debug|Any CPU.Build.0 = Debug|Any CPU
		{6C93F1C9-9112-47DB-8607-140300B3BE8D}.Release|Any CPU.ActiveCfg = Release|Any CPU
		{6C93F1C9-9112-47DB-8607-140300B3BE8D}.Release|Any CPU.Build.0 = Release|Any CPU
		{BC245860-78B1-4CAB-8B13-ABD3C9DCAB9F}.Debug|Any CPU.ActiveCfg = Debug|Any CPU
		{BC245860-78B1-4CAB-8B13-ABD3C9DCAB9F}.Debug|Any CPU.Build.0 = Debug|Any CPU
		{BC245860-78B1-4CAB-8B13-ABD3C9DCAB9F}.Release|Any CPU.ActiveCfg = Release|Any CPU
		{BC245860-78B1-4CAB-8B13-ABD3C9DCAB9F}.Release|Any CPU.Build.0 = Release|Any CPU
		{F99E1B93-3781-4134-BABD-5E3E4662295B}.Debug|Any CPU.ActiveCfg = Debug|Any CPU
		{F99E1B93-3781-4134-BABD-5E3E4662295B}.Debug|Any CPU.Build.0 = Debug|Any CPU
		{F99E1B93-3781-4134-BABD-5E3E4662295B}.Release|Any CPU.ActiveCfg = Release|Any CPU
		{F99E1B93-3781-4134-BABD-5E3E4662295B}.Release|Any CPU.Build.0 = Release|Any CPU
	EndGlobalSection
	GlobalSection(SolutionProperties) = preSolution
		HideSolutionNode = FALSE
	EndGlobalSection
	GlobalSection(ExtensibilityGlobals) = postSolution
		SolutionGuid = {4AC23047-EC27-4BDC-BBFD-68644AA5D639}
	EndGlobalSection
EndGlobal
